
Microsoft Visual Studio Solution File, Format Version 12.00
# Visual Studio 15
VisualStudioVersion = 15.0.27428.2015
MinimumVisualStudioVersion = 10.0.40219.1
Project("{FAE04EC0-301F-11D3-BF4B-00C04F79EFBC}") = "SENAC.RS.AlarmClock.UI", "SENAC.RS.AlarmClock.UI\SENAC.RS.AlarmClock.UI.csproj", "{9E4AC9CC-9931-41E7-8822-12565A733565}"
EndProject
Project("{FAE04EC0-301F-11D3-BF4B-00C04F79EFBC}") = "SENAC.RS.AlarmClock.Model", "SENAC.RS.AlarmClock.Model\SENAC.RS.AlarmClock.Model.csproj", "{FA2E8C5B-F70B-4C60-82C4-667F59794A94}"
EndProject
Global
	GlobalSection(SolutionConfigurationPlatforms) = preSolution
		Debug|Any CPU = Debug|Any CPU
		Release|Any CPU = Release|Any CPU
	EndGlobalSection
	GlobalSection(ProjectConfigurationPlatforms) = postSolution
		{9E4AC9CC-9931-41E7-8822-12565A733565}.Debug|Any CPU.ActiveCfg = Debug|Any CPU
		{9E4AC9CC-9931-41E7-8822-12565A733565}.Debug|Any CPU.Build.0 = Debug|Any CPU
		{9E4AC9CC-9931-41E7-8822-12565A733565}.Release|Any CPU.ActiveCfg = Release|Any CPU
		{9E4AC9CC-9931-41E7-8822-12565A733565}.Release|Any CPU.Build.0 = Release|Any CPU
		{FA2E8C5B-F70B-4C60-82C4-667F59794A94}.Debug|Any CPU.ActiveCfg = Debug|Any CPU
		{FA2E8C5B-F70B-4C60-82C4-667F59794A94}.Debug|Any CPU.Build.0 = Debug|Any CPU
		{FA2E8C5B-F70B-4C60-82C4-667F59794A94}.Release|Any CPU.ActiveCfg = Release|Any CPU
		{FA2E8C5B-F70B-4C60-82C4-667F59794A94}.Release|Any CPU.Build.0 = Release|Any CPU
	EndGlobalSection
	GlobalSection(SolutionProperties) = preSolution
		HideSolutionNode = FALSE
	EndGlobalSection
	GlobalSection(ExtensibilityGlobals) = postSolution
		SolutionGuid = {7A57264C-2DF2-4707-822F-48701914329F}
	EndGlobalSection
EndGlobal
